
Microsoft Visual Studio Solution File, Format Version 12.00
# Visual Studio 15
VisualStudioVersion = 15.0.26730.15
MinimumVisualStudioVersion = 10.0.40219.1
Project("{FAE04EC0-301F-11D3-BF4B-00C04F79EFBC}") = "AppIFES", "AppIFES\AppIFES.csproj", "{72CACE8E-3884-4A7E-8B28-8E5D3FA654F3}"
EndProject
Global
	GlobalSection(SolutionConfigurationPlatforms) = preSolution
		Debug|Any CPU = Debug|Any CPU
		Release|Any CPU = Release|Any CPU
	EndGlobalSection
	GlobalSection(ProjectConfigurationPlatforms) = postSolution
		{72CACE8E-3884-4A7E-8B28-8E5D3FA654F3}.Debug|Any CPU.ActiveCfg = Debug|Any CPU
		{72CACE8E-3884-4A7E-8B28-8E5D3FA654F3}.Debug|Any CPU.Build.0 = Debug|Any CPU
		{72CACE8E-3884-4A7E-8B28-8E5D3FA654F3}.Release|Any CPU.ActiveCfg = Release|Any CPU
		{72CACE8E-3884-4A7E-8B28-8E5D3FA654F3}.Release|Any CPU.Build.0 = Release|Any CPU
	EndGlobalSection
	GlobalSection(SolutionProperties) = preSolution
		HideSolutionNode = FALSE
	EndGlobalSection
	GlobalSection(ExtensibilityGlobals) = postSolution
		SolutionGuid = {E2F3F76F-B64A-455E-914A-4BDA2E3A13A2}
	EndGlobalSection
EndGlobal
